github.com/nilshah80/aarv v0.9.6 h1:jqJOiHUYoTdXjg2UXGvtCWyDsqzUHyQZloh9bTN5Agw=
github.com/nilshah80/aarv v0.9.6/go.mod h1:XqjGb6FCa1i9rHuxpsKa3CqxAPAR+4nMZOgTbpbiNTU=
github.com/nilshah80/aarv/plugins/openapi-ui v0.8.0 h1:olUjQKS4rZ9l4r2SuI2O/QHnwHmtIXywHqhcfTEeuxY=
github.com/nilshah80/aarv/plugins/openapi-ui v0.8.0/go.mod h1:6/pGVry59kfNnHrEnWSCRYdgoT0rb+pt5m5RSeBoKtw=
